
Microsoft Visual Studio Solution File, Format Version 12.00
# Visual Studio Version 16
VisualStudioVersion = 16.0.30611.23
MinimumVisualStudioVersion = 10.0.40219.1
Project("{9A19103F-16F7-4668-BE54-9A1E7A4F7556}") = "MyCubes", "MyCubes.csproj", "{2177FE89-2AD6-4D41-B67A-5931F5DCDDEB}"
EndProject
Global
	GlobalSection(SolutionConfigurationPlatforms) = preSolution
		Debug|Any CPU = Debug|Any CPU
		ExportDebug|Any CPU = ExportDebug|Any CPU
		ExportRelease|Any CPU = ExportRelease|Any CPU
	EndGlobalSection
	GlobalSection(ProjectConfigurationPlatforms) = postSolution
		{2177FE89-2AD6-4D41-B67A-5931F5DCDDEB}.Debug|Any CPU.ActiveCfg = Debug|Any CPU
		{2177FE89-2AD6-4D41-B67A-5931F5DCDDEB}.Debug|Any CPU.Build.0 = Debug|Any CPU
		{2177FE89-2AD6-4D41-B67A-5931F5DCDDEB}.ExportDebug|Any CPU.ActiveCfg = ExportDebug|Any CPU
		{2177FE89-2AD6-4D41-B67A-5931F5DCDDEB}.ExportDebug|Any CPU.Build.0 = ExportDebug|Any CPU
		{2177FE89-2AD6-4D41-B67A-5931F5DCDDEB}.ExportRelease|Any CPU.ActiveCfg = ExportRelease|Any CPU
		{2177FE89-2AD6-4D41-B67A-5931F5DCDDEB}.ExportRelease|Any CPU.Build.0 = ExportRelease|Any CPU
	EndGlobalSection
	GlobalSection(SolutionProperties) = preSolution
		HideSolutionNode = FALSE
	EndGlobalSection
	GlobalSection(ExtensibilityGlobals) = postSolution
		SolutionGuid = {1FE9E545-CBF5-4296-832A-AC012B96529D}
	EndGlobalSection
EndGlobal
